
Microsoft Visual Studio Solution File, Format Version 12.00
# Visual Studio Version 16
VisualStudioVersion = 16.0.29201.188
MinimumVisualStudioVersion = 10.0.40219.1
Project("{F184B08F-C81C-45F6-A57F-5ABD9991F28F}") = "Homework1", "Homework1\Homework1.vbproj", "{F2F399E4-4E8A-4C68-9FDE-693A90BDA907}"
EndProject
Global
	GlobalSection(SolutionConfigurationPlatforms) = preSolution
		Debug|Any CPU = Debug|Any CPU
		Release|Any CPU = Release|Any CPU
	EndGlobalSection
	GlobalSection(ProjectConfigurationPlatforms) = postSolution
		{F2F399E4-4E8A-4C68-9FDE-693A90BDA907}.Debug|Any CPU.ActiveCfg = Debug|Any CPU
		{F2F399E4-4E8A-4C68-9FDE-693A90BDA907}.Debug|Any CPU.Build.0 = Debug|Any CPU
		{F2F399E4-4E8A-4C68-9FDE-693A90BDA907}.Release|Any CPU.ActiveCfg = Release|Any CPU
		{F2F399E4-4E8A-4C68-9FDE-693A90BDA907}.Release|Any CPU.Build.0 = Release|Any CPU
	EndGlobalSection
	GlobalSection(SolutionProperties) = preSolution
		HideSolutionNode = FALSE
	EndGlobalSection
	GlobalSection(ExtensibilityGlobals) = postSolution
		SolutionGuid = {B51923A9-7C28-4393-8AA9-B9D041520482}
	EndGlobalSection
EndGlobal
